
Microsoft Visual Studio Solution File, Format Version 12.00
# Visual Studio Version 17
VisualStudioVersion = 17.10.34814.14
MinimumVisualStudioVersion = 10.0.40219.1
Project("{9A19103F-16F7-4668-BE54-9A1E7A4F7556}") = "ParsingUnstructuredData", "ParsingUnstructuredData.csproj", "{7C5E2639-B69B-4BEE-999E-DFF0248D310B}"
EndProject
Global
	GlobalSection(SolutionConfigurationPlatforms) = preSolution
		Debug|Any CPU = Debug|Any CPU
		Release|Any CPU = Release|Any CPU
	EndGlobalSection
	GlobalSection(ProjectConfigurationPlatforms) = postSolution
		{7C5E2639-B69B-4BEE-999E-DFF0248D310B}.Debug|Any CPU.ActiveCfg = Debug|Any CPU
		{7C5E2639-B69B-4BEE-999E-DFF0248D310B}.Debug|Any CPU.Build.0 = Debug|Any CPU
		{7C5E2639-B69B-4BEE-999E-DFF0248D310B}.Release|Any CPU.ActiveCfg = Release|Any CPU
		{7C5E2639-B69B-4BEE-999E-DFF0248D310B}.Release|Any CPU.Build.0 = Release|Any CPU
	EndGlobalSection
	GlobalSection(SolutionProperties) = preSolution
		HideSolutionNode = FALSE
	EndGlobalSection
	GlobalSection(ExtensibilityGlobals) = postSolution
		SolutionGuid = {12815DCF-DE9C-4482-A5D6-E32113907818}
	EndGlobalSection
EndGlobal
